
Microsoft Visual Studio Solution File, Format Version 12.00
# Visual Studio 14
VisualStudioVersion = 14.0.23107.0
MinimumVisualStudioVersion = 10.0.40219.1
Project("{2150E333-8FDC-42A3-9474-1A3956D46DE8}") = "src", "src", "{10DBB271-0AAB-4AE1-A03A-C095D6E1EAA7}"
EndProject
Project("{2150E333-8FDC-42A3-9474-1A3956D46DE8}") = "Solution Items", "Solution Items", "{35373366-3581-4F3D-BFF6-B3B1ED6624F3}"
	ProjectSection(SolutionItems) = preProject
		global.json = global.json
	EndProjectSection
EndProject
Project("{8BB2217D-0F2D-49D1-97BC-3654ED321F3B}") = "Cascomio.Pilarometro.Import", "src\Cascomio.Pilarometro.Import\Cascomio.Pilarometro.Import.xproj", "{436904ED-5EFE-4309-A2F7-FAACE0432012}"
EndProject
Project("{8BB2217D-0F2D-49D1-97BC-3654ED321F3B}") = "Cascomio.Pilarometro.Api", "src\Cascomio.Pilarometro.Api\Cascomio.Pilarometro.Api.xproj", "{5E063D5F-505B-41B7-8F4F-29173A7392B0}"
EndProject
Project("{8BB2217D-0F2D-49D1-97BC-3654ED321F3B}") = "Cascomio.Pilarometro.Common", "src\Cascomio.Pilarometro.Common\Cascomio.Pilarometro.Common.xproj", "{6B6AAB8D-0388-4CFA-87B5-4B421C67EF48}"
EndProject
Project("{FAE04EC0-301F-11D3-BF4B-00C04F79EFBC}") = "Cascomio.Pilarometro.Portable", "Cascomio.Pilarometro.Portable\Cascomio.Pilarometro.Portable.csproj", "{67F9D3A8-F71E-4428-913F-C37AE82CDB24}"
EndProject
Project("{FAE04EC0-301F-11D3-BF4B-00C04F79EFBC}") = "Cascomio.Pilarometro.Android", "Cascomio.Pilarometro.Android\Cascomio.Pilarometro.Android.csproj", "{1F8878D9-72B1-47E8-880F-C4593E6DF418}"
EndProject
Project("{FAE04EC0-301F-11D3-BF4B-00C04F79EFBC}") = "Cascomio.Pilarometro.iOS", "Cascomio.Pilarometro.iOS\Cascomio.Pilarometro.iOS.csproj", "{E293984F-33DA-4A55-991D-9A0313D3E2EF}"
EndProject
Global
	GlobalSection(SolutionConfigurationPlatforms) = preSolution
		Ad-Hoc|Any CPU = Ad-Hoc|Any CPU
		Ad-Hoc|iPhone = Ad-Hoc|iPhone
		Ad-Hoc|iPhoneSimulator = Ad-Hoc|iPhoneSimulator
		AppStore|Any CPU = AppStore|Any CPU
		AppStore|iPhone = AppStore|iPhone
		AppStore|iPhoneSimulator = AppStore|iPhoneSimulator
		Debug|Any CPU = Debug|Any CPU
		Debug|iPhone = Debug|iPhone
		Debug|iPhoneSimulator = Debug|iPhoneSimulator
		Release|Any CPU = Release|Any CPU
		Release|iPhone = Release|iPhone
		Release|iPhoneSimulator = Release|iPhoneSimulator
	EndGlobalSection
	GlobalSection(ProjectConfigurationPlatforms) = postSolution
		{436904ED-5EFE-4309-A2F7-FAACE0432012}.Ad-Hoc|Any CPU.ActiveCfg = Release|Any CPU
		{436904ED-5EFE-4309-A2F7-FAACE0432012}.Ad-Hoc|Any CPU.Build.0 = Release|Any CPU
		{436904ED-5EFE-4309-A2F7-FAACE0432012}.Ad-Hoc|iPhone.ActiveCfg = Release|Any CPU
		{436904ED-5EFE-4309-A2F7-FAACE0432012}.Ad-Hoc|iPhone.Build.0 = Release|Any CPU
		{436904ED-5EFE-4309-A2F7-FAACE0432012}.Ad-Hoc|iPhoneSimulator.ActiveCfg = Release|Any CPU
		{436904ED-5EFE-4309-A2F7-FAACE0432012}.Ad-Hoc|iPhoneSimulator.Build.0 = Release|Any CPU
		{436904ED-5EFE-4309-A2F7-FAACE0432012}.AppStore|Any CPU.ActiveCfg = Release|Any CPU
		{436904ED-5EFE-4309-A2F7-FAACE0432012}.AppStore|Any CPU.Build.0 = Release|Any CPU
		{436904ED-5EFE-4309-A2F7-FAACE0432012}.AppStore|iPhone.ActiveCfg = Release|Any CPU
		{436904ED-5EFE-4309-A2F7-FAACE0432012}.AppStore|iPhone.Build.0 = Release|Any CPU
		{436904ED-5EFE-4309-A2F7-FAACE0432012}.AppStore|iPhoneSimulator.ActiveCfg = Release|Any CPU
		{436904ED-5EFE-4309-A2F7-FAACE0432012}.AppStore|iPhoneSimulator.Build.0 = Release|Any CPU
		{436904ED-5EFE-4309-A2F7-FAACE0432012}.Debug|Any CPU.ActiveCfg = Debug|Any CPU
		{436904ED-5EFE-4309-A2F7-FAACE0432012}.Debug|Any CPU.Build.0 = Debug|Any CPU
		{436904ED-5EFE-4309-A2F7-FAACE0432012}.Debug|iPhone.ActiveCfg = Debug|Any CPU
		{436904ED-5EFE-4309-A2F7-FAACE0432012}.Debug|iPhone.Build.0 = Debug|Any CPU
		{436904ED-5EFE-4309-A2F7-FAACE0432012}.Debug|iPhoneSimulator.ActiveCfg = Debug|Any CPU
		{436904ED-5EFE-4309-A2F7-FAACE0432012}.Debug|iPhoneSimulator.Build.0 = Debug|Any CPU
		{436904ED-5EFE-4309-A2F7-FAACE0432012}.Release|Any CPU.ActiveCfg = Release|Any CPU
		{436904ED-5EFE-4309-A2F7-FAACE0432012}.Release|Any CPU.Build.0 = Release|Any CPU
		{436904ED-5EFE-4309-A2F7-FAACE0432012}.Release|iPhone.ActiveCfg = Release|Any CPU
		{436904ED-5EFE-4309-A2F7-FAACE0432012}.Release|iPhone.Build.0 = Release|Any CPU
		{436904ED-5EFE-4309-A2F7-FAACE0432012}.Release|iPhoneSimulator.ActiveCfg = Release|Any CPU
		{436904ED-5EFE-4309-A2F7-FAACE0432012}.Release|iPhoneSimulator.Build.0 = Release|Any CPU
		{5E063D5F-505B-41B7-8F4F-29173A7392B0}.Ad-Hoc|Any CPU.ActiveCfg = Release|Any CPU
		{5E063D5F-505B-41B7-8F4F-29173A7392B0}.Ad-Hoc|Any CPU.Build.0 = Release|Any CPU
		{5E063D5F-505B-41B7-8F4F-29173A7392B0}.Ad-Hoc|iPhone.ActiveCfg = Release|Any CPU
		{5E063D5F-505B-41B7-8F4F-29173A7392B0}.Ad-Hoc|iPhone.Build.0 = Release|Any CPU
		{5E063D5F-505B-41B7-8F4F-29173A7392B0}.Ad-Hoc|iPhoneSimulator.ActiveCfg = Release|Any CPU
		{5E063D5F-505B-41B7-8F4F-29173A7392B0}.Ad-Hoc|iPhoneSimulator.Build.0 = Release|Any CPU
		{5E063D5F-505B-41B7-8F4F-29173A7392B0}.AppStore|Any CPU.ActiveCfg = Release|Any CPU
		{5E063D5F-505B-41B7-8F4F-29173A7392B0}.AppStore|Any CPU.Build.0 = Release|Any CPU
		{5E063D5F-505B-41B7-8F4F-29173A7392B0}.AppStore|iPhone.ActiveCfg = Release|Any CPU
		{5E063D5F-505B-41B7-8F4F-29173A7392B0}.AppStore|iPhone.Build.0 = Release|Any CPU
		{5E063D5F-505B-41B7-8F4F-29173A7392B0}.AppStore|iPhoneSimulator.ActiveCfg = Release|Any CPU
		{5E063D5F-505B-41B7-8F4F-29173A7392B0}.AppStore|iPhoneSimulator.Build.0 = Release|Any CPU
		{5E063D5F-505B-41B7-8F4F-29173A7392B0}.Debug|Any CPU.ActiveCfg = Debug|Any CPU
		{5E063D5F-505B-41B7-8F4F-29173A7392B0}.Debug|Any CPU.Build.0 = Debug|Any CPU
		{5E063D5F-505B-41B7-8F4F-29173A7392B0}.Debug|iPhone.ActiveCfg = Debug|Any CPU
		{5E063D5F-505B-41B7-8F4F-29173A7392B0}.Debug|iPhone.Build.0 = Debug|Any CPU
		{5E063D5F-505B-41B7-8F4F-29173A7392B0}.Debug|iPhoneSimulator.ActiveCfg = Debug|Any CPU
		{5E063D5F-505B-41B7-8F4F-29173A7392B0}.Debug|iPhoneSimulator.Build.0 = Debug|Any CPU
		{5E063D5F-505B-41B7-8F4F-29173A7392B0}.Release|Any CPU.ActiveCfg = Release|Any CPU
		{5E063D5F-505B-41B7-8F4F-29173A7392B0}.Release|Any CPU.Build.0 = Release|Any CPU
		{5E063D5F-505B-41B7-8F4F-29173A7392B0}.Release|iPhone.ActiveCfg = Release|Any CPU
		{5E063D5F-505B-41B7-8F4F-29173A7392B0}.Release|iPhone.Build.0 = Release|Any CPU
		{5E063D5F-505B-41B7-8F4F-29173A7392B0}.Release|iPhoneSimulator.ActiveCfg = Release|Any CPU
		{5E063D5F-505B-41B7-8F4F-29173A7392B0}.Release|iPhoneSimulator.Build.0 = Release|Any CPU
		{6B6AAB8D-0388-4CFA-87B5-4B421C67EF48}.Ad-Hoc|Any CPU.ActiveCfg = Release|Any CPU
		{6B6AAB8D-0388-4CFA-87B5-4B421C67EF48}.Ad-Hoc|Any CPU.Build.0 = Release|Any CPU
		{6B6AAB8D-0388-4CFA-87B5-4B421C67EF48}.Ad-Hoc|iPhone.ActiveCfg = Release|Any CPU
		{6B6AAB8D-0388-4CFA-87B5-4B421C67EF48}.Ad-Hoc|iPhone.Build.0 = Release|Any CPU
		{6B6AAB8D-0388-4CFA-87B5-4B421C67EF48}.Ad-Hoc|iPhoneSimulator.ActiveCfg = Release|Any CPU
		{6B6AAB8D-0388-4CFA-87B5-4B421C67EF48}.Ad-Hoc|iPhoneSimulator.Build.0 = Release|Any CPU
		{6B6AAB8D-0388-4CFA-87B5-4B421C67EF48}.AppStore|Any CPU.ActiveCfg = Release|Any CPU
		{6B6AAB8D-0388-4CFA-87B5-4B421C67EF48}.AppStore|Any CPU.Build.0 = Release|Any CPU
		{6B6AAB8D-0388-4CFA-87B5-4B421C67EF48}.AppStore|iPhone.ActiveCfg = Release|Any CPU
		{6B6AAB8D-0388-4CFA-87B5-4B421C67EF48}.AppStore|iPhone.Build.0 = Release|Any CPU
		{6B6AAB8D-0388-4CFA-87B5-4B421C67EF48}.AppStore|iPhoneSimulator.ActiveCfg = Release|Any CPU
		{6B6AAB8D-0388-4CFA-87B5-4B421C67EF48}.AppStore|iPhoneSimulator.Build.0 = Release|Any CPU
		{6B6AAB8D-0388-4CFA-87B5-4B421C67EF48}.Debug|Any CPU.ActiveCfg = Debug|Any CPU
		{6B6AAB8D-0388-4CFA-87B5-4B421C67EF48}.Debug|Any CPU.Build.0 = Debug|Any CPU
		{6B6AAB8D-0388-4CFA-87B5-4B421C67EF48}.Debug|iPhone.ActiveCfg = Debug|Any CPU
		{6B6AAB8D-0388-4CFA-87B5-4B421C67EF48}.Debug|iPhone.Build.0 = Debug|Any CPU
		{6B6AAB8D-0388-4CFA-87B5-4B421C67EF48}.Debug|iPhoneSimulator.ActiveCfg = Debug|Any CPU
		{6B6AAB8D-0388-4CFA-87B5-4B421C67EF48}.Debug|iPhoneSimulator.Build.0 = Debug|Any CPU
		{6B6AAB8D-0388-4CFA-87B5-4B421C67EF48}.Release|Any CPU.ActiveCfg = Release|Any CPU
		{6B6AAB8D-0388-4CFA-87B5-4B421C67EF48}.Release|Any CPU.Build.0 = Release|Any CPU
		{6B6AAB8D-0388-4CFA-87B5-4B421C67EF48}.Release|iPhone.ActiveCfg = Release|Any CPU
		{6B6AAB8D-0388-4CFA-87B5-4B421C67EF48}.Release|iPhone.Build.0 = Release|Any CPU
		{6B6AAB8D-0388-4CFA-87B5-4B421C67EF48}.Release|iPhoneSimulator.ActiveCfg = Release|Any CPU
		{6B6AAB8D-0388-4CFA-87B5-4B421C67EF48}.Release|iPhoneSimulator.Build.0 = Release|Any CPU
		{67F9D3A8-F71E-4428-913F-C37AE82CDB24}.Ad-Hoc|Any CPU.ActiveCfg = Release|Any CPU
		{67F9D3A8-F71E-4428-913F-C37AE82CDB24}.Ad-Hoc|Any CPU.Build.0 = Release|Any CPU
		{67F9D3A8-F71E-4428-913F-C37AE82CDB24}.Ad-Hoc|iPhone.ActiveCfg = Release|Any CPU
		{67F9D3A8-F71E-4428-913F-C37AE82CDB24}.Ad-Hoc|iPhone.Build.0 = Release|Any CPU
		{67F9D3A8-F71E-4428-913F-C37AE82CDB24}.Ad-Hoc|iPhoneSimulator.ActiveCfg = Release|Any CPU
		{67F9D3A8-F71E-4428-913F-C37AE82CDB24}.Ad-Hoc|iPhoneSimulator.Build.0 = Release|Any CPU
		{67F9D3A8-F71E-4428-913F-C37AE82CDB24}.AppStore|Any CPU.ActiveCfg = Release|Any CPU
		{67F9D3A8-F71E-4428-913F-C37AE82CDB24}.AppStore|Any CPU.Build.0 = Release|Any CPU
		{67F9D3A8-F71E-4428-913F-C37AE82CDB24}.AppStore|iPhone.ActiveCfg = Release|Any CPU
		{67F9D3A8-F71E-4428-913F-C37AE82CDB24}.AppStore|iPhone.Build.0 = Release|Any CPU
		{67F9D3A8-F71E-4428-913F-C37AE82CDB24}.AppStore|iPhoneSimulator.ActiveCfg = Release|Any CPU
		{67F9D3A8-F71E-4428-913F-C37AE82CDB24}.AppStore|iPhoneSimulator.Build.0 = Release|Any CPU
		{67F9D3A8-F71E-4428-913F-C37AE82CDB24}.Debug|Any CPU.ActiveCfg = Debug|Any CPU
		{67F9D3A8-F71E-4428-913F-C37AE82CDB24}.Debug|Any CPU.Build.0 = Debug|Any CPU
		{67F9D3A8-F71E-4428-913F-C37AE82CDB24}.Debug|iPhone.ActiveCfg = Debug|Any CPU
		{67F9D3A8-F71E-4428-913F-C37AE82CDB24}.Debug|iPhone.Build.0 = Debug|Any CPU
		{67F9D3A8-F71E-4428-913F-C37AE82CDB24}.Debug|iPhoneSimulator.ActiveCfg = Debug|Any CPU
		{67F9D3A8-F71E-4428-913F-C37AE82CDB24}.Debug|iPhoneSimulator.Build.0 = Debug|Any CPU
		{67F9D3A8-F71E-4428-913F-C37AE82CDB24}.Release|Any CPU.ActiveCfg = Release|Any CPU
		{67F9D3A8-F71E-4428-913F-C37AE82CDB24}.Release|Any CPU.Build.0 = Release|Any CPU
		{67F9D3A8-F71E-4428-913F-C37AE82CDB24}.Release|iPhone.ActiveCfg = Release|Any CPU
		{67F9D3A8-F71E-4428-913F-C37AE82CDB24}.Release|iPhone.Build.0 = Release|Any CPU
		{67F9D3A8-F71E-4428-913F-C37AE82CDB24}.Release|iPhoneSimulator.ActiveCfg = Release|Any CPU
		{67F9D3A8-F71E-4428-913F-C37AE82CDB24}.Release|iPhoneSimulator.Build.0 = Release|Any CPU
		{1F8878D9-72B1-47E8-880F-C4593E6DF418}.Ad-Hoc|Any CPU.ActiveCfg = Release|Any CPU
		{1F8878D9-72B1-47E8-880F-C4593E6DF418}.Ad-Hoc|Any CPU.Build.0 = Release|Any CPU
		{1F8878D9-72B1-47E8-880F-C4593E6DF418}.Ad-Hoc|Any CPU.Deploy.0 = Release|Any CPU
		{1F8878D9-72B1-47E8-880F-C4593E6DF418}.Ad-Hoc|iPhone.ActiveCfg = Release|Any CPU
		{1F8878D9-72B1-47E8-880F-C4593E6DF418}.Ad-Hoc|iPhone.Build.0 = Release|Any CPU
		{1F8878D9-72B1-47E8-880F-C4593E6DF418}.Ad-Hoc|iPhone.Deploy.0 = Release|Any CPU
		{1F8878D9-72B1-47E8-880F-C4593E6DF418}.Ad-Hoc|iPhoneSimulator.ActiveCfg = Release|Any CPU
		{1F8878D9-72B1-47E8-880F-C4593E6DF418}.Ad-Hoc|iPhoneSimulator.Build.0 = Release|Any CPU
		{1F8878D9-72B1-47E8-880F-C4593E6DF418}.Ad-Hoc|iPhoneSimulator.Deploy.0 = Release|Any CPU
		{1F8878D9-72B1-47E8-880F-C4593E6DF418}.AppStore|Any CPU.ActiveCfg = Release|Any CPU
		{1F8878D9-72B1-47E8-880F-C4593E6DF418}.AppStore|Any CPU.Build.0 = Release|Any CPU
		{1F8878D9-72B1-47E8-880F-C4593E6DF418}.AppStore|Any CPU.Deploy.0 = Release|Any CPU
		{1F8878D9-72B1-47E8-880F-C4593E6DF418}.AppStore|iPhone.ActiveCfg = Release|Any CPU
		{1F8878D9-72B1-47E8-880F-C4593E6DF418}.AppStore|iPhone.Build.0 = Release|Any CPU
		{1F8878D9-72B1-47E8-880F-C4593E6DF418}.AppStore|iPhone.Deploy.0 = Release|Any CPU
		{1F8878D9-72B1-47E8-880F-C4593E6DF418}.AppStore|iPhoneSimulator.ActiveCfg = Release|Any CPU
		{1F8878D9-72B1-47E8-880F-C4593E6DF418}.AppStore|iPhoneSimulator.Build.0 = Release|Any CPU
		{1F8878D9-72B1-47E8-880F-C4593E6DF418}.AppStore|iPhoneSimulator.Deploy.0 = Release|Any CPU
		{1F8878D9-72B1-47E8-880F-C4593E6DF418}.Debug|Any CPU.ActiveCfg = Debug|Any CPU
		{1F8878D9-72B1-47E8-880F-C4593E6DF418}.Debug|Any CPU.Build.0 = Debug|Any CPU
		{1F8878D9-72B1-47E8-880F-C4593E6DF418}.Debug|Any CPU.Deploy.0 = Debug|Any CPU
		{1F8878D9-72B1-47E8-880F-C4593E6DF418}.Debug|iPhone.ActiveCfg = Debug|Any CPU
		{1F8878D9-72B1-47E8-880F-C4593E6DF418}.Debug|iPhone.Build.0 = Debug|Any CPU
		{1F8878D9-72B1-47E8-880F-C4593E6DF418}.Debug|iPhone.Deploy.0 = Debug|Any CPU
		{1F8878D9-72B1-47E8-880F-C4593E6DF418}.Debug|iPhoneSimulator.ActiveCfg = Debug|Any CPU
		{1F8878D9-72B1-47E8-880F-C4593E6DF418}.Debug|iPhoneSimulator.Build.0 = Debug|Any CPU
		{1F8878D9-72B1-47E8-880F-C4593E6DF418}.Debug|iPhoneSimulator.Deploy.0 = Debug|Any CPU
		{1F8878D9-72B1-47E8-880F-C4593E6DF418}.Release|Any CPU.ActiveCfg = Release|Any CPU
		{1F8878D9-72B1-47E8-880F-C4593E6DF418}.Release|Any CPU.Build.0 = Release|Any CPU
		{1F8878D9-72B1-47E8-880F-C4593E6DF418}.Release|Any CPU.Deploy.0 = Release|Any CPU
		{1F8878D9-72B1-47E8-880F-C4593E6DF418}.Release|iPhone.ActiveCfg = Release|Any CPU
		{1F8878D9-72B1-47E8-880F-C4593E6DF418}.Release|iPhone.Build.0 = Release|Any CPU
		{1F8878D9-72B1-47E8-880F-C4593E6DF418}.Release|iPhone.Deploy.0 = Release|Any CPU
		{1F8878D9-72B1-47E8-880F-C4593E6DF418}.Release|iPhoneSimulator.ActiveCfg = Release|Any CPU
		{1F8878D9-72B1-47E8-880F-C4593E6DF418}.Release|iPhoneSimulator.Build.0 = Release|Any CPU
		{1F8878D9-72B1-47E8-880F-C4593E6DF418}.Release|iPhoneSimulator.Deploy.0 = Release|Any CPU
		{E293984F-33DA-4A55-991D-9A0313D3E2EF}.Ad-Hoc|Any CPU.ActiveCfg = Ad-Hoc|iPhone
		{E293984F-33DA-4A55-991D-9A0313D3E2EF}.Ad-Hoc|iPhone.ActiveCfg = Ad-Hoc|iPhone
		{E293984F-33DA-4A55-991D-9A0313D3E2EF}.Ad-Hoc|iPhone.Build.0 = Ad-Hoc|iPhone
		{E293984F-33DA-4A55-991D-9A0313D3E2EF}.Ad-Hoc|iPhoneSimulator.ActiveCfg = Ad-Hoc|iPhoneSimulator
		{E293984F-33DA-4A55-991D-9A0313D3E2EF}.Ad-Hoc|iPhoneSimulator.Build.0 = Ad-Hoc|iPhoneSimulator
		{E293984F-33DA-4A55-991D-9A0313D3E2EF}.AppStore|Any CPU.ActiveCfg = AppStore|iPhone
		{E293984F-33DA-4A55-991D-9A0313D3E2EF}.AppStore|iPhone.ActiveCfg = AppStore|iPhone
		{E293984F-33DA-4A55-991D-9A0313D3E2EF}.AppStore|iPhone.Build.0 = AppStore|iPhone
		{E293984F-33DA-4A55-991D-9A0313D3E2EF}.AppStore|iPhoneSimulator.ActiveCfg = AppStore|iPhoneSimulator
		{E293984F-33DA-4A55-991D-9A0313D3E2EF}.AppStore|iPhoneSimulator.Build.0 = AppStore|iPhoneSimulator
		{E293984F-33DA-4A55-991D-9A0313D3E2EF}.Debug|Any CPU.ActiveCfg = Debug|iPhone
		{E293984F-33DA-4A55-991D-9A0313D3E2EF}.Debug|iPhone.ActiveCfg = Debug|iPhone
		{E293984F-33DA-4A55-991D-9A0313D3E2EF}.Debug|iPhone.Build.0 = Debug|iPhone
		{E293984F-33DA-4A55-991D-9A0313D3E2EF}.Debug|iPhoneSimulator.ActiveCfg = Debug|iPhoneSimulator
		{E293984F-33DA-4A55-991D-9A0313D3E2EF}.Debug|iPhoneSimulator.Build.0 = Debug|iPhoneSimulator
		{E293984F-33DA-4A55-991D-9A0313D3E2EF}.Release|Any CPU.ActiveCfg = Release|iPhone
		{E293984F-33DA-4A55-991D-9A0313D3E2EF}.Release|iPhone.ActiveCfg = Release|iPhone
		{E293984F-33DA-4A55-991D-9A0313D3E2EF}.Release|iPhone.Build.0 = Release|iPhone
		{E293984F-33DA-4A55-991D-9A0313D3E2EF}.Release|iPhoneSimulator.ActiveCfg = Release|iPhoneSimulator
		{E293984F-33DA-4A55-991D-9A0313D3E2EF}.Release|iPhoneSimulator.Build.0 = Release|iPhoneSimulator
	EndGlobalSection
	GlobalSection(SolutionProperties) = preSolution
		HideSolutionNode = FALSE
	EndGlobalSection
	GlobalSection(NestedProjects) = preSolution
		{436904ED-5EFE-4309-A2F7-FAACE0432012} = {10DBB271-0AAB-4AE1-A03A-C095D6E1EAA7}
		{5E063D5F-505B-41B7-8F4F-29173A7392B0} = {10DBB271-0AAB-4AE1-A03A-C095D6E1EAA7}
		{6B6AAB8D-0388-4CFA-87B5-4B421C67EF48} = {10DBB271-0AAB-4AE1-A03A-C095D6E1EAA7}
	EndGlobalSection
EndGlobal
