
Microsoft Visual Studio Solution File, Format Version 12.00
# Visual Studio 14
VisualStudioVersion = 14.0.23107.0
MinimumVisualStudioVersion = 10.0.40219.1
Project("{2150E333-8FDC-42A3-9474-1A3956D46DE8}") = "src", "src", "{10DBB271-0AAB-4AE1-A03A-C095D6E1EAA7}"
EndProject
Project("{2150E333-8FDC-42A3-9474-1A3956D46DE8}") = "Solution Items", "Solution Items", "{35373366-3581-4F3D-BFF6-B3B1ED6624F3}"
	ProjectSection(SolutionItems) = preProject
		global.json = global.json
	EndProjectSection
EndProject
Project("{8BB2217D-0F2D-49D1-97BC-3654ED321F3B}") = "Cascomio.Pilarometro.Import", "src\Cascomio.Pilarometro.Import\Cascomio.Pilarometro.Import.xproj", "{436904ED-5EFE-4309-A2F7-FAACE0432012}"
EndProject
Project("{8BB2217D-0F2D-49D1-97BC-3654ED321F3B}") = "Cascomio.Pilarometro.Api", "src\Cascomio.Pilarometro.Api\Cascomio.Pilarometro.Api.xproj", "{5E063D5F-505B-41B7-8F4F-29173A7392B0}"
EndProject
Project("{8BB2217D-0F2D-49D1-97BC-3654ED321F3B}") = "Cascomio.Pilarometro.Common", "src\Cascomio.Pilarometro.Common\Cascomio.Pilarometro.Common.xproj", "{6B6AAB8D-0388-4CFA-87B5-4B421C67EF48}"
EndProject
Project("{8BB2217D-0F2D-49D1-97BC-3654ED321F3B}") = "Cascomio.Pilarometro.Domain", "src\Cascomio.Pilarometro.Domain\Cascomio.Pilarometro.Domain.xproj", "{0F415F5C-0672-4618-BE36-F52E9B77EB82}"
EndProject
Project("{8BB2217D-0F2D-49D1-97BC-3654ED321F3B}") = "Cascomio.Pilarometro.DataTransfer", "src\Cascomio.Pilarometro.DataTransfer\Cascomio.Pilarometro.DataTransfer.xproj", "{06109284-1FA3-404E-91F8-07ABC665E1C4}"
EndProject
Global
	GlobalSection(SolutionConfigurationPlatforms) = preSolution
		Ad-Hoc|Any CPU = Ad-Hoc|Any CPU
		Ad-Hoc|iPhone = Ad-Hoc|iPhone
		Ad-Hoc|iPhoneSimulator = Ad-Hoc|iPhoneSimulator
		AppStore|Any CPU = AppStore|Any CPU
		AppStore|iPhone = AppStore|iPhone
		AppStore|iPhoneSimulator = AppStore|iPhoneSimulator
		Debug|Any CPU = Debug|Any CPU
		Debug|iPhone = Debug|iPhone
		Debug|iPhoneSimulator = Debug|iPhoneSimulator
		Release|Any CPU = Release|Any CPU
		Release|iPhone = Release|iPhone
		Release|iPhoneSimulator = Release|iPhoneSimulator
	EndGlobalSection
	GlobalSection(ProjectConfigurationPlatforms) = postSolution
		{436904ED-5EFE-4309-A2F7-FAACE0432012}.Ad-Hoc|Any CPU.ActiveCfg = Release|Any CPU
		{436904ED-5EFE-4309-A2F7-FAACE0432012}.Ad-Hoc|Any CPU.Build.0 = Release|Any CPU
		{436904ED-5EFE-4309-A2F7-FAACE0432012}.Ad-Hoc|iPhone.ActiveCfg = Release|Any CPU
		{436904ED-5EFE-4309-A2F7-FAACE0432012}.Ad-Hoc|iPhone.Build.0 = Release|Any CPU
		{436904ED-5EFE-4309-A2F7-FAACE0432012}.Ad-Hoc|iPhoneSimulator.ActiveCfg = Release|Any CPU
		{436904ED-5EFE-4309-A2F7-FAACE0432012}.Ad-Hoc|iPhoneSimulator.Build.0 = Release|Any CPU
		{436904ED-5EFE-4309-A2F7-FAACE0432012}.AppStore|Any CPU.ActiveCfg = Release|Any CPU
		{436904ED-5EFE-4309-A2F7-FAACE0432012}.AppStore|Any CPU.Build.0 = Release|Any CPU
		{436904ED-5EFE-4309-A2F7-FAACE0432012}.AppStore|iPhone.ActiveCfg = Release|Any CPU
		{436904ED-5EFE-4309-A2F7-FAACE0432012}.AppStore|iPhone.Build.0 = Release|Any CPU
		{436904ED-5EFE-4309-A2F7-FAACE0432012}.AppStore|iPhoneSimulator.ActiveCfg = Release|Any CPU
		{436904ED-5EFE-4309-A2F7-FAACE0432012}.AppStore|iPhoneSimulator.Build.0 = Release|Any CPU
		{436904ED-5EFE-4309-A2F7-FAACE0432012}.Debug|Any CPU.ActiveCfg = Debug|Any CPU
		{436904ED-5EFE-4309-A2F7-FAACE0432012}.Debug|Any CPU.Build.0 = Debug|Any CPU
		{436904ED-5EFE-4309-A2F7-FAACE0432012}.Debug|iPhone.ActiveCfg = Debug|Any CPU
		{436904ED-5EFE-4309-A2F7-FAACE0432012}.Debug|iPhone.Build.0 = Debug|Any CPU
		{436904ED-5EFE-4309-A2F7-FAACE0432012}.Debug|iPhoneSimulator.ActiveCfg = Debug|Any CPU
		{436904ED-5EFE-4309-A2F7-FAACE0432012}.Debug|iPhoneSimulator.Build.0 = Debug|Any CPU
		{436904ED-5EFE-4309-A2F7-FAACE0432012}.Release|Any CPU.ActiveCfg = Release|Any CPU
		{436904ED-5EFE-4309-A2F7-FAACE0432012}.Release|Any CPU.Build.0 = Release|Any CPU
		{436904ED-5EFE-4309-A2F7-FAACE0432012}.Release|iPhone.ActiveCfg = Release|Any CPU
		{436904ED-5EFE-4309-A2F7-FAACE0432012}.Release|iPhone.Build.0 = Release|Any CPU
		{436904ED-5EFE-4309-A2F7-FAACE0432012}.Release|iPhoneSimulator.ActiveCfg = Release|Any CPU
		{436904ED-5EFE-4309-A2F7-FAACE0432012}.Release|iPhoneSimulator.Build.0 = Release|Any CPU
		{5E063D5F-505B-41B7-8F4F-29173A7392B0}.Ad-Hoc|Any CPU.ActiveCfg = Release|Any CPU
		{5E063D5F-505B-41B7-8F4F-29173A7392B0}.Ad-Hoc|Any CPU.Build.0 = Release|Any CPU
		{5E063D5F-505B-41B7-8F4F-29173A7392B0}.Ad-Hoc|iPhone.ActiveCfg = Release|Any CPU
		{5E063D5F-505B-41B7-8F4F-29173A7392B0}.Ad-Hoc|iPhone.Build.0 = Release|Any CPU
		{5E063D5F-505B-41B7-8F4F-29173A7392B0}.Ad-Hoc|iPhoneSimulator.ActiveCfg = Release|Any CPU
		{5E063D5F-505B-41B7-8F4F-29173A7392B0}.Ad-Hoc|iPhoneSimulator.Build.0 = Release|Any CPU
		{5E063D5F-505B-41B7-8F4F-29173A7392B0}.AppStore|Any CPU.ActiveCfg = Release|Any CPU
		{5E063D5F-505B-41B7-8F4F-29173A7392B0}.AppStore|Any CPU.Build.0 = Release|Any CPU
		{5E063D5F-505B-41B7-8F4F-29173A7392B0}.AppStore|iPhone.ActiveCfg = Release|Any CPU
		{5E063D5F-505B-41B7-8F4F-29173A7392B0}.AppStore|iPhone.Build.0 = Release|Any CPU
		{5E063D5F-505B-41B7-8F4F-29173A7392B0}.AppStore|iPhoneSimulator.ActiveCfg = Release|Any CPU
		{5E063D5F-505B-41B7-8F4F-29173A7392B0}.AppStore|iPhoneSimulator.Build.0 = Release|Any CPU
		{5E063D5F-505B-41B7-8F4F-29173A7392B0}.Debug|Any CPU.ActiveCfg = Debug|Any CPU
		{5E063D5F-505B-41B7-8F4F-29173A7392B0}.Debug|Any CPU.Build.0 = Debug|Any CPU
		{5E063D5F-505B-41B7-8F4F-29173A7392B0}.Debug|iPhone.ActiveCfg = Debug|Any CPU
		{5E063D5F-505B-41B7-8F4F-29173A7392B0}.Debug|iPhone.Build.0 = Debug|Any CPU
		{5E063D5F-505B-41B7-8F4F-29173A7392B0}.Debug|iPhoneSimulator.ActiveCfg = Debug|Any CPU
		{5E063D5F-505B-41B7-8F4F-29173A7392B0}.Debug|iPhoneSimulator.Build.0 = Debug|Any CPU
		{5E063D5F-505B-41B7-8F4F-29173A7392B0}.Release|Any CPU.ActiveCfg = Release|Any CPU
		{5E063D5F-505B-41B7-8F4F-29173A7392B0}.Release|Any CPU.Build.0 = Release|Any CPU
		{5E063D5F-505B-41B7-8F4F-29173A7392B0}.Release|iPhone.ActiveCfg = Release|Any CPU
		{5E063D5F-505B-41B7-8F4F-29173A7392B0}.Release|iPhone.Build.0 = Release|Any CPU
		{5E063D5F-505B-41B7-8F4F-29173A7392B0}.Release|iPhoneSimulator.ActiveCfg = Release|Any CPU
		{5E063D5F-505B-41B7-8F4F-29173A7392B0}.Release|iPhoneSimulator.Build.0 = Release|Any CPU
		{6B6AAB8D-0388-4CFA-87B5-4B421C67EF48}.Ad-Hoc|Any CPU.ActiveCfg = Release|Any CPU
		{6B6AAB8D-0388-4CFA-87B5-4B421C67EF48}.Ad-Hoc|Any CPU.Build.0 = Release|Any CPU
		{6B6AAB8D-0388-4CFA-87B5-4B421C67EF48}.Ad-Hoc|iPhone.ActiveCfg = Release|Any CPU
		{6B6AAB8D-0388-4CFA-87B5-4B421C67EF48}.Ad-Hoc|iPhone.Build.0 = Release|Any CPU
		{6B6AAB8D-0388-4CFA-87B5-4B421C67EF48}.Ad-Hoc|iPhoneSimulator.ActiveCfg = Release|Any CPU
		{6B6AAB8D-0388-4CFA-87B5-4B421C67EF48}.Ad-Hoc|iPhoneSimulator.Build.0 = Release|Any CPU
		{6B6AAB8D-0388-4CFA-87B5-4B421C67EF48}.AppStore|Any CPU.ActiveCfg = Release|Any CPU
		{6B6AAB8D-0388-4CFA-87B5-4B421C67EF48}.AppStore|Any CPU.Build.0 = Release|Any CPU
		{6B6AAB8D-0388-4CFA-87B5-4B421C67EF48}.AppStore|iPhone.ActiveCfg = Release|Any CPU
		{6B6AAB8D-0388-4CFA-87B5-4B421C67EF48}.AppStore|iPhone.Build.0 = Release|Any CPU
		{6B6AAB8D-0388-4CFA-87B5-4B421C67EF48}.AppStore|iPhoneSimulator.ActiveCfg = Release|Any CPU
		{6B6AAB8D-0388-4CFA-87B5-4B421C67EF48}.AppStore|iPhoneSimulator.Build.0 = Release|Any CPU
		{6B6AAB8D-0388-4CFA-87B5-4B421C67EF48}.Debug|Any CPU.ActiveCfg = Debug|Any CPU
		{6B6AAB8D-0388-4CFA-87B5-4B421C67EF48}.Debug|Any CPU.Build.0 = Debug|Any CPU
		{6B6AAB8D-0388-4CFA-87B5-4B421C67EF48}.Debug|iPhone.ActiveCfg = Debug|Any CPU
		{6B6AAB8D-0388-4CFA-87B5-4B421C67EF48}.Debug|iPhone.Build.0 = Debug|Any CPU
		{6B6AAB8D-0388-4CFA-87B5-4B421C67EF48}.Debug|iPhoneSimulator.ActiveCfg = Debug|Any CPU
		{6B6AAB8D-0388-4CFA-87B5-4B421C67EF48}.Debug|iPhoneSimulator.Build.0 = Debug|Any CPU
		{6B6AAB8D-0388-4CFA-87B5-4B421C67EF48}.Release|Any CPU.ActiveCfg = Release|Any CPU
		{6B6AAB8D-0388-4CFA-87B5-4B421C67EF48}.Release|Any CPU.Build.0 = Release|Any CPU
		{6B6AAB8D-0388-4CFA-87B5-4B421C67EF48}.Release|iPhone.ActiveCfg = Release|Any CPU
		{6B6AAB8D-0388-4CFA-87B5-4B421C67EF48}.Release|iPhone.Build.0 = Release|Any CPU
		{6B6AAB8D-0388-4CFA-87B5-4B421C67EF48}.Release|iPhoneSimulator.ActiveCfg = Release|Any CPU
		{6B6AAB8D-0388-4CFA-87B5-4B421C67EF48}.Release|iPhoneSimulator.Build.0 = Release|Any CPU
		{0F415F5C-0672-4618-BE36-F52E9B77EB82}.Ad-Hoc|Any CPU.ActiveCfg = Debug|Any CPU
		{0F415F5C-0672-4618-BE36-F52E9B77EB82}.Ad-Hoc|Any CPU.Build.0 = Debug|Any CPU
		{0F415F5C-0672-4618-BE36-F52E9B77EB82}.Ad-Hoc|iPhone.ActiveCfg = Debug|Any CPU
		{0F415F5C-0672-4618-BE36-F52E9B77EB82}.Ad-Hoc|iPhone.Build.0 = Debug|Any CPU
		{0F415F5C-0672-4618-BE36-F52E9B77EB82}.Ad-Hoc|iPhoneSimulator.ActiveCfg = Debug|Any CPU
		{0F415F5C-0672-4618-BE36-F52E9B77EB82}.Ad-Hoc|iPhoneSimulator.Build.0 = Debug|Any CPU
		{0F415F5C-0672-4618-BE36-F52E9B77EB82}.AppStore|Any CPU.ActiveCfg = Debug|Any CPU
		{0F415F5C-0672-4618-BE36-F52E9B77EB82}.AppStore|Any CPU.Build.0 = Debug|Any CPU
		{0F415F5C-0672-4618-BE36-F52E9B77EB82}.AppStore|iPhone.ActiveCfg = Debug|Any CPU
		{0F415F5C-0672-4618-BE36-F52E9B77EB82}.AppStore|iPhone.Build.0 = Debug|Any CPU
		{0F415F5C-0672-4618-BE36-F52E9B77EB82}.AppStore|iPhoneSimulator.ActiveCfg = Debug|Any CPU
		{0F415F5C-0672-4618-BE36-F52E9B77EB82}.AppStore|iPhoneSimulator.Build.0 = Debug|Any CPU
		{0F415F5C-0672-4618-BE36-F52E9B77EB82}.Debug|Any CPU.ActiveCfg = Debug|Any CPU
		{0F415F5C-0672-4618-BE36-F52E9B77EB82}.Debug|Any CPU.Build.0 = Debug|Any CPU
		{0F415F5C-0672-4618-BE36-F52E9B77EB82}.Debug|iPhone.ActiveCfg = Debug|Any CPU
		{0F415F5C-0672-4618-BE36-F52E9B77EB82}.Debug|iPhone.Build.0 = Debug|Any CPU
		{0F415F5C-0672-4618-BE36-F52E9B77EB82}.Debug|iPhoneSimulator.ActiveCfg = Debug|Any CPU
		{0F415F5C-0672-4618-BE36-F52E9B77EB82}.Debug|iPhoneSimulator.Build.0 = Debug|Any CPU
		{0F415F5C-0672-4618-BE36-F52E9B77EB82}.Release|Any CPU.ActiveCfg = Release|Any CPU
		{0F415F5C-0672-4618-BE36-F52E9B77EB82}.Release|Any CPU.Build.0 = Release|Any CPU
		{0F415F5C-0672-4618-BE36-F52E9B77EB82}.Release|iPhone.ActiveCfg = Release|Any CPU
		{0F415F5C-0672-4618-BE36-F52E9B77EB82}.Release|iPhone.Build.0 = Release|Any CPU
		{0F415F5C-0672-4618-BE36-F52E9B77EB82}.Release|iPhoneSimulator.ActiveCfg = Release|Any CPU
		{0F415F5C-0672-4618-BE36-F52E9B77EB82}.Release|iPhoneSimulator.Build.0 = Release|Any CPU
		{06109284-1FA3-404E-91F8-07ABC665E1C4}.Ad-Hoc|Any CPU.ActiveCfg = Debug|Any CPU
		{06109284-1FA3-404E-91F8-07ABC665E1C4}.Ad-Hoc|Any CPU.Build.0 = Debug|Any CPU
		{06109284-1FA3-404E-91F8-07ABC665E1C4}.Ad-Hoc|iPhone.ActiveCfg = Debug|Any CPU
		{06109284-1FA3-404E-91F8-07ABC665E1C4}.Ad-Hoc|iPhone.Build.0 = Debug|Any CPU
		{06109284-1FA3-404E-91F8-07ABC665E1C4}.Ad-Hoc|iPhoneSimulator.ActiveCfg = Debug|Any CPU
		{06109284-1FA3-404E-91F8-07ABC665E1C4}.Ad-Hoc|iPhoneSimulator.Build.0 = Debug|Any CPU
		{06109284-1FA3-404E-91F8-07ABC665E1C4}.AppStore|Any CPU.ActiveCfg = Debug|Any CPU
		{06109284-1FA3-404E-91F8-07ABC665E1C4}.AppStore|Any CPU.Build.0 = Debug|Any CPU
		{06109284-1FA3-404E-91F8-07ABC665E1C4}.AppStore|iPhone.ActiveCfg = Debug|Any CPU
		{06109284-1FA3-404E-91F8-07ABC665E1C4}.AppStore|iPhone.Build.0 = Debug|Any CPU
		{06109284-1FA3-404E-91F8-07ABC665E1C4}.AppStore|iPhoneSimulator.ActiveCfg = Debug|Any CPU
		{06109284-1FA3-404E-91F8-07ABC665E1C4}.AppStore|iPhoneSimulator.Build.0 = Debug|Any CPU
		{06109284-1FA3-404E-91F8-07ABC665E1C4}.Debug|Any CPU.ActiveCfg = Debug|Any CPU
		{06109284-1FA3-404E-91F8-07ABC665E1C4}.Debug|Any CPU.Build.0 = Debug|Any CPU
		{06109284-1FA3-404E-91F8-07ABC665E1C4}.Debug|iPhone.ActiveCfg = Debug|Any CPU
		{06109284-1FA3-404E-91F8-07ABC665E1C4}.Debug|iPhone.Build.0 = Debug|Any CPU
		{06109284-1FA3-404E-91F8-07ABC665E1C4}.Debug|iPhoneSimulator.ActiveCfg = Debug|Any CPU
		{06109284-1FA3-404E-91F8-07ABC665E1C4}.Debug|iPhoneSimulator.Build.0 = Debug|Any CPU
		{06109284-1FA3-404E-91F8-07ABC665E1C4}.Release|Any CPU.ActiveCfg = Release|Any CPU
		{06109284-1FA3-404E-91F8-07ABC665E1C4}.Release|Any CPU.Build.0 = Release|Any CPU
		{06109284-1FA3-404E-91F8-07ABC665E1C4}.Release|iPhone.ActiveCfg = Release|Any CPU
		{06109284-1FA3-404E-91F8-07ABC665E1C4}.Release|iPhone.Build.0 = Release|Any CPU
		{06109284-1FA3-404E-91F8-07ABC665E1C4}.Release|iPhoneSimulator.ActiveCfg = Release|Any CPU
		{06109284-1FA3-404E-91F8-07ABC665E1C4}.Release|iPhoneSimulator.Build.0 = Release|Any CPU
	EndGlobalSection
	GlobalSection(SolutionProperties) = preSolution
		HideSolutionNode = FALSE
	EndGlobalSection
	GlobalSection(NestedProjects) = preSolution
		{436904ED-5EFE-4309-A2F7-FAACE0432012} = {10DBB271-0AAB-4AE1-A03A-C095D6E1EAA7}
		{5E063D5F-505B-41B7-8F4F-29173A7392B0} = {10DBB271-0AAB-4AE1-A03A-C095D6E1EAA7}
		{6B6AAB8D-0388-4CFA-87B5-4B421C67EF48} = {10DBB271-0AAB-4AE1-A03A-C095D6E1EAA7}
		{0F415F5C-0672-4618-BE36-F52E9B77EB82} = {10DBB271-0AAB-4AE1-A03A-C095D6E1EAA7}
		{06109284-1FA3-404E-91F8-07ABC665E1C4} = {10DBB271-0AAB-4AE1-A03A-C095D6E1EAA7}
	EndGlobalSection
EndGlobal
